
Microsoft Visual Studio Solution File, Format Version 12.00
# Visual Studio 2013
VisualStudioVersion = 12.0.40629.0
MinimumVisualStudioVersion = 10.0.40219.1
Project("{8BC9CEB8-8B4A-11D0-8D11-00A0C91BC942}") = "IntroToCpp_HelloWorld", "IntroToCpp_HelloWorld\IntroToCpp_HelloWorld.vcxproj", "{09C4A097-A09D-4183-A1AD-5F30DA3AD05B}"
EndProject
Project("{8BC9CEB8-8B4A-11D0-8D11-00A0C91BC942}") = "IntroToCpp_DataTypes", "IntroToCpp_DataTypes\IntroToCpp_DataTypes.vcxproj", "{9BA90244-0245-4674-9C8C-7A9E154F612A}"
EndProject
Project("{8BC9CEB8-8B4A-11D0-8D11-00A0C91BC942}") = "IntroToCpp_OperatorsConstants", "IntroToCpp_OperatorsConstants\IntroToCpp_OperatorsConstants.vcxproj", "{BAFA7C8F-3775-424C-BC44-457DA6CCF40E}"
EndProject
Project("{8BC9CEB8-8B4A-11D0-8D11-00A0C91BC942}") = "IntroToCpp_ LoopsFunctions", "IntroToCpp_ LoopsFunctions\IntroToCpp_ LoopsFunctions.vcxproj", "{E0ED6713-0A16-4EEE-8BB7-B802EBCD4152}"
EndProject
Global
	GlobalSection(SolutionConfigurationPlatforms) = preSolution
		Debug|Win32 = Debug|Win32
		Release|Win32 = Release|Win32
	EndGlobalSection
	GlobalSection(ProjectConfigurationPlatforms) = postSolution
		{09C4A097-A09D-4183-A1AD-5F30DA3AD05B}.Debug|Win32.ActiveCfg = Debug|Win32
		{09C4A097-A09D-4183-A1AD-5F30DA3AD05B}.Debug|Win32.Build.0 = Debug|Win32
		{09C4A097-A09D-4183-A1AD-5F30DA3AD05B}.Release|Win32.ActiveCfg = Release|Win32
		{09C4A097-A09D-4183-A1AD-5F30DA3AD05B}.Release|Win32.Build.0 = Release|Win32
		{9BA90244-0245-4674-9C8C-7A9E154F612A}.Debug|Win32.ActiveCfg = Debug|Win32
		{9BA90244-0245-4674-9C8C-7A9E154F612A}.Debug|Win32.Build.0 = Debug|Win32
		{9BA90244-0245-4674-9C8C-7A9E154F612A}.Release|Win32.ActiveCfg = Release|Win32
		{9BA90244-0245-4674-9C8C-7A9E154F612A}.Release|Win32.Build.0 = Release|Win32
		{BAFA7C8F-3775-424C-BC44-457DA6CCF40E}.Debug|Win32.ActiveCfg = Debug|Win32
		{BAFA7C8F-3775-424C-BC44-457DA6CCF40E}.Debug|Win32.Build.0 = Debug|Win32
		{BAFA7C8F-3775-424C-BC44-457DA6CCF40E}.Release|Win32.ActiveCfg = Release|Win32
		{BAFA7C8F-3775-424C-BC44-457DA6CCF40E}.Release|Win32.Build.0 = Release|Win32
		{E0ED6713-0A16-4EEE-8BB7-B802EBCD4152}.Debug|Win32.ActiveCfg = Debug|Win32
		{E0ED6713-0A16-4EEE-8BB7-B802EBCD4152}.Debug|Win32.Build.0 = Debug|Win32
		{E0ED6713-0A16-4EEE-8BB7-B802EBCD4152}.Release|Win32.ActiveCfg = Release|Win32
		{E0ED6713-0A16-4EEE-8BB7-B802EBCD4152}.Release|Win32.Build.0 = Release|Win32
	EndGlobalSection
	GlobalSection(SolutionProperties) = preSolution
		HideSolutionNode = FALSE
	EndGlobalSection
EndGlobal
